
Microsoft Visual Studio Solution File, Format Version 12.00
# Visual Studio 15
VisualStudioVersion = 15.0.28307.1321
MinimumVisualStudioVersion = 10.0.40219.1
Project("{FAE04EC0-301F-11D3-BF4B-00C04F79EFBC}") = "BetterMe", "BetterMe\BetterMe.csproj", "{50DAEE6A-DDFC-448E-A02C-F860B0ADFD5C}"
EndProject
Global
	GlobalSection(SolutionConfigurationPlatforms) = preSolution
		Debug|Any CPU = Debug|Any CPU
		Release|Any CPU = Release|Any CPU
	EndGlobalSection
	GlobalSection(ProjectConfigurationPlatforms) = postSolution
		{50DAEE6A-DDFC-448E-A02C-F860B0ADFD5C}.Debug|Any CPU.ActiveCfg = Debug|Any CPU
		{50DAEE6A-DDFC-448E-A02C-F860B0ADFD5C}.Debug|Any CPU.Build.0 = Debug|Any CPU
		{50DAEE6A-DDFC-448E-A02C-F860B0ADFD5C}.Release|Any CPU.ActiveCfg = Release|Any CPU
		{50DAEE6A-DDFC-448E-A02C-F860B0ADFD5C}.Release|Any CPU.Build.0 = Release|Any CPU
	EndGlobalSection
	GlobalSection(SolutionProperties) = preSolution
		HideSolutionNode = FALSE
	EndGlobalSection
	GlobalSection(ExtensibilityGlobals) = postSolution
		SolutionGuid = {4420FD45-D701-481F-BDE5-187F74E06B93}
	EndGlobalSection
EndGlobal
